
Microsoft Visual Studio Solution File, Format Version 12.00
# Visual Studio Version 17
VisualStudioVersion = 17.9.34728.123
MinimumVisualStudioVersion = 10.0.40219.1
Project("{9A19103F-16F7-4668-BE54-9A1E7A4F7556}") = "BlogApp.API", "BlogApp.API\BlogApp.API.csproj", "{461F66E4-C895-4885-90BA-5707E64C8264}"
EndProject
Project("{9A19103F-16F7-4668-BE54-9A1E7A4F7556}") = "BlogApp.Business", "BlogApp.Business\BlogApp.Business.csproj", "{6F7F1B98-DF60-4E9C-AB55-89D54524CDCC}"
EndProject
Project("{9A19103F-16F7-4668-BE54-9A1E7A4F7556}") = "BlogApp.DataModel", "BlogApp.DataModel\BlogApp.DataModel.csproj", "{6E187020-DE68-4B4B-8A45-0B1337B5A2CF}"
EndProject
Project("{FAE04EC0-301F-11D3-BF4B-00C04F79EFBC}") = "BlogApp.Common", "BlogApp.Common\BlogApp.Common.csproj", "{F45B2A7A-4065-4EB7-8D73-D89754475087}"
EndProject
Global
	GlobalSection(SolutionConfigurationPlatforms) = preSolution
		Debug|Any CPU = Debug|Any CPU
		Release|Any CPU = Release|Any CPU
	EndGlobalSection
	GlobalSection(ProjectConfigurationPlatforms) = postSolution
		{461F66E4-C895-4885-90BA-5707E64C8264}.Debug|Any CPU.ActiveCfg = Debug|Any CPU
		{461F66E4-C895-4885-90BA-5707E64C8264}.Debug|Any CPU.Build.0 = Debug|Any CPU
		{461F66E4-C895-4885-90BA-5707E64C8264}.Release|Any CPU.ActiveCfg = Release|Any CPU
		{461F66E4-C895-4885-90BA-5707E64C8264}.Release|Any CPU.Build.0 = Release|Any CPU
		{6F7F1B98-DF60-4E9C-AB55-89D54524CDCC}.Debug|Any CPU.ActiveCfg = Debug|Any CPU
		{6F7F1B98-DF60-4E9C-AB55-89D54524CDCC}.Debug|Any CPU.Build.0 = Debug|Any CPU
		{6F7F1B98-DF60-4E9C-AB55-89D54524CDCC}.Release|Any CPU.ActiveCfg = Release|Any CPU
		{6F7F1B98-DF60-4E9C-AB55-89D54524CDCC}.Release|Any CPU.Build.0 = Release|Any CPU
		{6E187020-DE68-4B4B-8A45-0B1337B5A2CF}.Debug|Any CPU.ActiveCfg = Debug|Any CPU
		{6E187020-DE68-4B4B-8A45-0B1337B5A2CF}.Debug|Any CPU.Build.0 = Debug|Any CPU
		{6E187020-DE68-4B4B-8A45-0B1337B5A2CF}.Release|Any CPU.ActiveCfg = Release|Any CPU
		{6E187020-DE68-4B4B-8A45-0B1337B5A2CF}.Release|Any CPU.Build.0 = Release|Any CPU
		{F45B2A7A-4065-4EB7-8D73-D89754475087}.Debug|Any CPU.ActiveCfg = Debug|Any CPU
		{F45B2A7A-4065-4EB7-8D73-D89754475087}.Debug|Any CPU.Build.0 = Debug|Any CPU
		{F45B2A7A-4065-4EB7-8D73-D89754475087}.Release|Any CPU.ActiveCfg = Release|Any CPU
		{F45B2A7A-4065-4EB7-8D73-D89754475087}.Release|Any CPU.Build.0 = Release|Any CPU
	EndGlobalSection
	GlobalSection(SolutionProperties) = preSolution
		HideSolutionNode = FALSE
	EndGlobalSection
	GlobalSection(ExtensibilityGlobals) = postSolution
		SolutionGuid = {A598041A-8F9F-497C-B4C0-4FEDC3B14088}
	EndGlobalSection
EndGlobal
